PODS:
  - Alamofire (5.8.0)
  - Kingfisher (7.9.1)
  - SVProgressHUD (2.2.5)
  - SwiftKeychainWrapper (4.0.1)

DEPENDENCIES:
  - Alamofire
  - Kingfisher
  - SVProgressHUD
  - SwiftKeychainWrapper

SPEC REPOS:
  trunk:
    - Alamofire
    - Kingfisher
    - SVProgressHUD
    - SwiftKeychainWrapper

SPEC CHECKSUMS:
  Alamofire: 0e92e751b3e9e66d7982db43919d01f313b8eb91
  Kingfisher: 1d14e9f59cbe19389f591c929000332bf70efd32
  SVProgressHUD: 1428aafac632c1f86f62aa4243ec12008d7a51d6
  SwiftKeychainWrapper: 807ba1d63c33a7d0613288512399cd1eda1e470c

PODFILE CHECKSUM: 2be14ee59d75c8ea192fa0e9048614c7d01bf79d

COCOAPODS: 1.12.1
